# THIS IS AN AUTOGENERATED FILE. DO NOT EDIT THIS FILE DIRECTLY.
# yarn lockfile v1


"@types/node@^17.0.14":
  "integrity" "sha512-SbjLmERksKOGzWzPNuW7fJM7fk3YXVTFiZWB/Hs99gwhk+/dnrQRPBQjPW9aO+fi1tAffi9PrwFvsmOKmDTyng=="
  "resolved" "https://registry.npmjs.org/@types/node/-/node-17.0.14.tgz"
  "version" "17.0.14"

"ajv-formats@^2.1.1":
  "integrity" "sha512-Wx0Kx52hxE7C18hkMEggYlEifqWZtYaRgouJor+WMdPnQyEK13vgEWyVNup7SoeeoLMsr4kf5h6dOW11I15MUA=="
  "resolved" "https://registry.npmjs.org/ajv-formats/-/ajv-formats-2.1.1.tgz"
  "version" "2.1.1"
  dependencies:
    "ajv" "^8.0.0"

"ajv@^8.0.0", "ajv@^8.8.2":
  "integrity" "sha512-qOKJyNj/h+OWx7s5DePL6Zu1KeM9jPZhwBqs+7DzP6bGOvqzVCSf0xueYmVuaC/oQ/VtS2zLMLHdQFbkka+XDQ=="
  "resolved" "https://registry.npmjs.org/ajv/-/ajv-8.9.0.tgz"
  "version" "8.9.0"
  dependencies:
    "fast-deep-equal" "^3.1.1"
    "json-schema-traverse" "^1.0.0"
    "require-from-string" "^2.0.2"
    "uri-js" "^4.2.2"

"available-typed-arrays@^1.0.5":
  "integrity" "sha512-DMD0KiN46eipeziST1LPP/STfDU0sufISXmjSgvVsoU2tqxctQeASejWcfNtxYKqETM1UxQ8sp2OrSBWpHY6sw=="
  "resolved" "https://registry.npmjs.org/available-typed-arrays/-/available-typed-arrays-1.0.5.tgz"
  "version" "1.0.5"

"call-bind@^1.0.0", "call-bind@^1.0.2":
  "integrity" "sha512-7O+FbCihrB5WGbFYesctwmTKae6rOiIzmz1icreWJ+0aA7LJfuqhEso2T9ncpcFtzMQtzXf2QGGueWJGTYsqrA=="
  "resolved" "https://registry.npmjs.org/call-bind/-/call-bind-1.0.2.tgz"
  "version" "1.0.2"
  dependencies:
    "function-bind" "^1.1.1"
    "get-intrinsic" "^1.0.2"

"certlogic-js@^1.0.4", "certlogic-js@^1.1.0":
  "resolved" "file:../dgc-business-rules/certlogic/certlogic-js"
  "version" "1.1.0"

"dcc-business-rules-utils@^0.2.0":
  "integrity" "sha512-pX4X3rLDO6xhD+ss4804VIPiwRiiE0hQ5vN3B52e6GX123CFYPHkEctApawDqn9QRKSo9K9D88a916kyCm0Lng=="
  "resolved" "https://registry.npmjs.org/dcc-business-rules-utils/-/dcc-business-rules-utils-0.2.0.tgz"
  "version" "0.2.0"
  dependencies:
    "ajv" "^8.8.2"
    "ajv-formats" "^2.1.1"
    "certlogic-js" "^1.0.4"
    "semver" "^7.3.5"

"deep-equal@^2.0.5":
  "integrity" "sha512-nPiRgmbAtm1a3JsnLCf6/SLfXcjyN5v8L1TXzdCmHrXJ4hx+gW/w1YCcn7z8gJtSiDArZCgYtbao3QqLm/N1Sw=="
  "resolved" "https://registry.npmjs.org/deep-equal/-/deep-equal-2.0.5.tgz"
  "version" "2.0.5"
  dependencies:
    "call-bind" "^1.0.0"
    "es-get-iterator" "^1.1.1"
    "get-intrinsic" "^1.0.1"
    "is-arguments" "^1.0.4"
    "is-date-object" "^1.0.2"
    "is-regex" "^1.1.1"
    "isarray" "^2.0.5"
    "object-is" "^1.1.4"
    "object-keys" "^1.1.1"
    "object.assign" "^4.1.2"
    "regexp.prototype.flags" "^1.3.0"
    "side-channel" "^1.0.3"
    "which-boxed-primitive" "^1.0.1"
    "which-collection" "^1.0.1"
    "which-typed-array" "^1.1.2"

"define-properties@^1.1.3":
  "integrity" "sha512-3MqfYKj2lLzdMSf8ZIZE/V+Zuy+BgD6f164e8K2w7dgnpKArBDerGYpM46IYYcjnkdPNMjPk9A6VFB8+3SKlXQ=="
  "resolved" "https://registry.npmjs.org/define-properties/-/define-properties-1.1.3.tgz"
  "version" "1.1.3"
  dependencies:
    "object-keys" "^1.0.12"

"es-abstract@^1.18.5":
  "integrity" "sha512-2vJ6tjA/UfqLm2MPs7jxVybLoB8i1t1Jd9R3kISld20sIxPcTbLuggQOUxeWeAvIUkduv/CfMjuh4WmiXr2v9w=="
  "resolved" "https://registry.npmjs.org/es-abstract/-/es-abstract-1.19.1.tgz"
  "version" "1.19.1"
  dependencies:
    "call-bind" "^1.0.2"
    "es-to-primitive" "^1.2.1"
    "function-bind" "^1.1.1"
    "get-intrinsic" "^1.1.1"
    "get-symbol-description" "^1.0.0"
    "has" "^1.0.3"
    "has-symbols" "^1.0.2"
    "internal-slot" "^1.0.3"
    "is-callable" "^1.2.4"
    "is-negative-zero" "^2.0.1"
    "is-regex" "^1.1.4"
    "is-shared-array-buffer" "^1.0.1"
    "is-string" "^1.0.7"
    "is-weakref" "^1.0.1"
    "object-inspect" "^1.11.0"
    "object-keys" "^1.1.1"
    "object.assign" "^4.1.2"
    "string.prototype.trimend" "^1.0.4"
    "string.prototype.trimstart" "^1.0.4"
    "unbox-primitive" "^1.0.1"

"es-get-iterator@^1.1.1":
  "integrity" "sha512-+DTO8GYwbMCwbywjimwZMHp8AuYXOS2JZFWoi2AlPOS3ebnII9w/NLpNZtA7A0YLaVDw+O7KFCeoIV7OPvM7hQ=="
  "resolved" "https://registry.npmjs.org/es-get-iterator/-/es-get-iterator-1.1.2.tgz"
  "version" "1.1.2"
  dependencies:
    "call-bind" "^1.0.2"
    "get-intrinsic" "^1.1.0"
    "has-symbols" "^1.0.1"
    "is-arguments" "^1.1.0"
    "is-map" "^2.0.2"
    "is-set" "^2.0.2"
    "is-string" "^1.0.5"
    "isarray" "^2.0.5"

"es-to-primitive@^1.2.1":
  "integrity" "sha512-QCOllgZJtaUo9miYBcLChTUaHNjJF3PYs1VidD7AwiEj1kYxKeQTctLAezAOH5ZKRH0g2IgPn6KwB4IT8iRpvA=="
  "resolved" "https://registry.npmjs.org/es-to-primitive/-/es-to-primitive-1.2.1.tgz"
  "version" "1.2.1"
  dependencies:
    "is-callable" "^1.1.4"
    "is-date-object" "^1.0.1"
    "is-symbol" "^1.0.2"

"fast-deep-equal@^3.1.1":
  "integrity" "sha512-f3qQ9oQy9j2AhBe/H9VC91wLmKBCCU/gDOnKNAYG5hswO7BLKj09Hc5HYNz9cGI++xlpDCIgDaitVs03ATR84Q=="
  "resolved" "https://registry.npmjs.org/fast-deep-equal/-/fast-deep-equal-3.1.3.tgz"
  "version" "3.1.3"

"foreach@^2.0.5":
  "integrity" "sha1-C+4AUBiusmDQo6865ljdATbsG5k="
  "resolved" "https://registry.npmjs.org/foreach/-/foreach-2.0.5.tgz"
  "version" "2.0.5"

"function-bind@^1.1.1":
  "integrity" "sha512-yIovAzMX49sF8Yl58fSCWJ5svSLuaibPxXQJFLmBObTuCr0Mf1KiPopGM9NiFjiYBCbfaa2Fh6breQ6ANVTI0A=="
  "resolved" "https://registry.npmjs.org/function-bind/-/function-bind-1.1.1.tgz"
  "version" "1.1.1"

"get-intrinsic@^1.0.1", "get-intrinsic@^1.0.2", "get-intrinsic@^1.1.0", "get-intrinsic@^1.1.1":
  "integrity" "sha512-kWZrnVM42QCiEA2Ig1bG8zjoIMOgxWwYCEeNdwY6Tv/cOSeGpcoX4pXHfKUxNKVoArnrEr2e9srnAxxGIraS9Q=="
  "resolved" "https://registry.npmjs.org/get-intrinsic/-/get-intrinsic-1.1.1.tgz"
  "version" "1.1.1"
  dependencies:
    "function-bind" "^1.1.1"
    "has" "^1.0.3"
    "has-symbols" "^1.0.1"

"get-symbol-description@^1.0.0":
  "integrity" "sha512-2EmdH1YvIQiZpltCNgkuiUnyukzxM/R6NDJX31Ke3BG1Nq5b0S2PhX59UKi9vZpPDQVdqn+1IcaAwnzTT5vCjw=="
  "resolved" "https://registry.npmjs.org/get-symbol-description/-/get-symbol-description-1.0.0.tgz"
  "version" "1.0.0"
  dependencies:
    "call-bind" "^1.0.2"
    "get-intrinsic" "^1.1.1"

"has-bigints@^1.0.1":
  "integrity" "sha512-LSBS2LjbNBTf6287JEbEzvJgftkF5qFkmCo9hDRpAzKhUOlJ+hx8dd4USs00SgsUNwc4617J9ki5YtEClM2ffA=="
  "resolved" "https://registry.npmjs.org/has-bigints/-/has-bigints-1.0.1.tgz"
  "version" "1.0.1"

"has-symbols@^1.0.1", "has-symbols@^1.0.2":
  "integrity" "sha512-chXa79rL/UC2KlX17jo3vRGz0azaWEx5tGqZg5pO3NUyEJVB17dMruQlzCCOfUvElghKcm5194+BCRvi2Rv/Gw=="
  "resolved" "https://registry.npmjs.org/has-symbols/-/has-symbols-1.0.2.tgz"
  "version" "1.0.2"

"has-tostringtag@^1.0.0":
  "integrity" "sha512-kFjcSNhnlGV1kyoGk7OXKSawH5JOb/LzUc5w9B02hOTO0dfFRjbHQKvg1d6cf3HbeUmtU9VbbV3qzZ2Teh97WQ=="
  "resolved" "https://registry.npmjs.org/has-tostringtag/-/has-tostringtag-1.0.0.tgz"
  "version" "1.0.0"
  dependencies:
    "has-symbols" "^1.0.2"

"has@^1.0.3":
  "integrity" "sha512-f2dvO0VU6Oej7RkWJGrehjbzMAjFp5/VKPp5tTpWIV4JHHZK1/BxbFRtf/siA2SWTe09caDmVtYYzWEIbBS4zw=="
  "resolved" "https://registry.npmjs.org/has/-/has-1.0.3.tgz"
  "version" "1.0.3"
  dependencies:
    "function-bind" "^1.1.1"

"internal-slot@^1.0.3":
  "integrity" "sha512-O0DB1JC/sPyZl7cIo78n5dR7eUSwwpYPiXRhTzNxZVAMUuB8vlnRFyLxdrVToks6XPLVnFfbzaVd5WLjhgg+vA=="
  "resolved" "https://registry.npmjs.org/internal-slot/-/internal-slot-1.0.3.tgz"
  "version" "1.0.3"
  dependencies:
    "get-intrinsic" "^1.1.0"
    "has" "^1.0.3"
    "side-channel" "^1.0.4"

"is-arguments@^1.0.4", "is-arguments@^1.1.0":
  "integrity" "sha512-8Q7EARjzEnKpt/PCD7e1cgUS0a6X8u5tdSiMqXhojOdoV9TsMsiO+9VLC5vAmO8N7/GmXn7yjR8qnA6bVAEzfA=="
  "resolved" "https://registry.npmjs.org/is-arguments/-/is-arguments-1.1.1.tgz"
  "version" "1.1.1"
  dependencies:
    "call-bind" "^1.0.2"
    "has-tostringtag" "^1.0.0"

"is-bigint@^1.0.1":
  "integrity" "sha512-zB9CruMamjym81i2JZ3UMn54PKGsQzsJeo6xvN3HJJ4CAsQNB6iRutp2To77OfCNuoxspsIhzaPoO1zyCEhFOg=="
  "resolved" "https://registry.npmjs.org/is-bigint/-/is-bigint-1.0.4.tgz"
  "version" "1.0.4"
  dependencies:
    "has-bigints" "^1.0.1"

"is-boolean-object@^1.1.0":
  "integrity" "sha512-gDYaKHJmnj4aWxyj6YHyXVpdQawtVLHU5cb+eztPGczf6cjuTdwve5ZIEfgXqH4e57An1D1AKf8CZ3kYrQRqYA=="
  "resolved" "https://registry.npmjs.org/is-boolean-object/-/is-boolean-object-1.1.2.tgz"
  "version" "1.1.2"
  dependencies:
    "call-bind" "^1.0.2"
    "has-tostringtag" "^1.0.0"

"is-callable@^1.1.4", "is-callable@^1.2.4":
  "integrity" "sha512-nsuwtxZfMX67Oryl9LCQ+upnC0Z0BgpwntpS89m1H/TLF0zNfzfLMV/9Wa/6MZsj0acpEjAO0KF1xT6ZdLl95w=="
  "resolved" "https://registry.npmjs.org/is-callable/-/is-callable-1.2.4.tgz"
  "version" "1.2.4"

"is-date-object@^1.0.1", "is-date-object@^1.0.2":
  "integrity" "sha512-9YQaSxsAiSwcvS33MBk3wTCVnWK+HhF8VZR2jRxehM16QcVOdHqPn4VPHmRK4lSr38n9JriurInLcP90xsYNfQ=="
  "resolved" "https://registry.npmjs.org/is-date-object/-/is-date-object-1.0.5.tgz"
  "version" "1.0.5"
  dependencies:
    "has-tostringtag" "^1.0.0"

"is-map@^2.0.1", "is-map@^2.0.2":
  "integrity" "sha512-cOZFQQozTha1f4MxLFzlgKYPTyj26picdZTx82hbc/Xf4K/tZOOXSCkMvU4pKioRXGDLJRn0GM7Upe7kR721yg=="
  "resolved" "https://registry.npmjs.org/is-map/-/is-map-2.0.2.tgz"
  "version" "2.0.2"

"is-negative-zero@^2.0.1":
  "integrity" "sha512-dqJvarLawXsFbNDeJW7zAz8ItJ9cd28YufuuFzh0G8pNHjJMnY08Dv7sYX2uF5UpQOwieAeOExEYAWWfu7ZZUA=="
  "resolved" "https://registry.npmjs.org/is-negative-zero/-/is-negative-zero-2.0.2.tgz"
  "version" "2.0.2"

"is-number-object@^1.0.4":
  "integrity" "sha512-bEVOqiRcvo3zO1+G2lVMy+gkkEm9Yh7cDMRusKKu5ZJKPUYSJwICTKZrNKHA2EbSP0Tu0+6B/emsYNHZyn6K8g=="
  "resolved" "https://registry.npmjs.org/is-number-object/-/is-number-object-1.0.6.tgz"
  "version" "1.0.6"
  dependencies:
    "has-tostringtag" "^1.0.0"

"is-regex@^1.1.1", "is-regex@^1.1.4":
  "integrity" "sha512-kvRdxDsxZjhzUX07ZnLydzS1TU/TJlTUHHY4YLL87e37oUA49DfkLqgy+VjFocowy29cKvcSiu+kIv728jTTVg=="
  "resolved" "https://registry.npmjs.org/is-regex/-/is-regex-1.1.4.tgz"
  "version" "1.1.4"
  dependencies:
    "call-bind" "^1.0.2"
    "has-tostringtag" "^1.0.0"

"is-set@^2.0.1", "is-set@^2.0.2":
  "integrity" "sha512-+2cnTEZeY5z/iXGbLhPrOAaK/Mau5k5eXq9j14CpRTftq0pAJu2MwVRSZhyZWBzx3o6X795Lz6Bpb6R0GKf37g=="
  "resolved" "https://registry.npmjs.org/is-set/-/is-set-2.0.2.tgz"
  "version" "2.0.2"

"is-shared-array-buffer@^1.0.1":
  "integrity" "sha512-IU0NmyknYZN0rChcKhRO1X8LYz5Isj/Fsqh8NJOSf+N/hCOTwy29F32Ik7a+QszE63IdvmwdTPDd6cZ5pg4cwA=="
  "resolved" "https://registry.npmjs.org/is-shared-array-buffer/-/is-shared-array-buffer-1.0.1.tgz"
  "version" "1.0.1"

"is-string@^1.0.5", "is-string@^1.0.7":
  "integrity" "sha512-tE2UXzivje6ofPW7l23cjDOMa09gb7xlAqG6jG5ej6uPV32TlWP3NKPigtaGeHNu9fohccRYvIiZMfOOnOYUtg=="
  "resolved" "https://registry.npmjs.org/is-string/-/is-string-1.0.7.tgz"
  "version" "1.0.7"
  dependencies:
    "has-tostringtag" "^1.0.0"

"is-symbol@^1.0.2", "is-symbol@^1.0.3":
  "integrity" "sha512-C/CPBqKWnvdcxqIARxyOh4v1UUEOCHpgDa0WYgpKDFMszcrPcffg5uhwSgPCLD2WWxmq6isisz87tzT01tuGhg=="
  "resolved" "https://registry.npmjs.org/is-symbol/-/is-symbol-1.0.4.tgz"
  "version" "1.0.4"
  dependencies:
    "has-symbols" "^1.0.2"

"is-typed-array@^1.1.7":
  "integrity" "sha512-HqH41TNZq2fgtGT8WHVFVJhBVGuY3AnP3Q36K8JKXUxSxRgk/d+7NjmwG2vo2mYmXK8UYZKu0qH8bVP5gEisjA=="
  "resolved" "https://registry.npmjs.org/is-typed-array/-/is-typed-array-1.1.8.tgz"
  "version" "1.1.8"
  dependencies:
    "available-typed-arrays" "^1.0.5"
    "call-bind" "^1.0.2"
    "es-abstract" "^1.18.5"
    "foreach" "^2.0.5"
    "has-tostringtag" "^1.0.0"

"is-weakmap@^2.0.1":
  "integrity" "sha512-NSBR4kH5oVj1Uwvv970ruUkCV7O1mzgVFO4/rev2cLRda9Tm9HrL70ZPut4rOHgY0FNrUu9BCbXA2sdQ+x0chA=="
  "resolved" "https://registry.npmjs.org/is-weakmap/-/is-weakmap-2.0.1.tgz"
  "version" "2.0.1"

"is-weakref@^1.0.1":
  "integrity" "sha512-qctsuLZmIQ0+vSSMfoVvyFe2+GSEvnmZ2ezTup1SBse9+twCCeial6EEi3Nc2KFcf6+qz2FBPnjXsk8xhKSaPQ=="
  "resolved" "https://registry.npmjs.org/is-weakref/-/is-weakref-1.0.2.tgz"
  "version" "1.0.2"
  dependencies:
    "call-bind" "^1.0.2"

"is-weakset@^2.0.1":
  "integrity" "sha512-t2yVvttHkQktwnNNmBQ98AhENLdPUTDTE21uPqAQ0ARwQfGeQKRVS0NNurH7bTf7RrvcVn1OOge45CnBeHCSmg=="
  "resolved" "https://registry.npmjs.org/is-weakset/-/is-weakset-2.0.2.tgz"
  "version" "2.0.2"
  dependencies:
    "call-bind" "^1.0.2"
    "get-intrinsic" "^1.1.1"

"isarray@^2.0.5":
  "integrity" "sha512-xHjhDr3cNBK0BzdUJSPXZntQUx/mwMS5Rw4A7lPJ90XGAO6ISP/ePDNuo0vhqOZU+UD5JoodwCAAoZQd3FeAKw=="
  "resolved" "https://registry.npmjs.org/isarray/-/isarray-2.0.5.tgz"
  "version" "2.0.5"

"json-schema-traverse@^1.0.0":
  "integrity" "sha512-NM8/P9n3XjXhIZn1lLhkFaACTOURQXjWhV4BA/RnOv8xvgqtqpAX9IO4mRQxSx1Rlo4tqzeqb0sOlruaOy3dug=="
  "resolved" "https://registry.npmjs.org/json-schema-traverse/-/json-schema-traverse-1.0.0.tgz"
  "version" "1.0.0"

"lru-cache@^6.0.0":
  "integrity" "sha512-Jo6dJ04CmSjuznwJSS3pUeWmd/H0ffTlkXXgwZi+eq1UCmqQwCh+eLsYOYCwY991i2Fah4h1BEMCx4qThGbsiA=="
  "resolved" "https://registry.npmjs.org/lru-cache/-/lru-cache-6.0.0.tgz"
  "version" "6.0.0"
  dependencies:
    "yallist" "^4.0.0"

"object-inspect@^1.11.0", "object-inspect@^1.9.0":
  "integrity" "sha512-Ho2z80bVIvJloH+YzRmpZVQe87+qASmBUKZDWgx9cu+KDrX2ZDH/3tMy+gXbZETVGs2M8YdxObOh7XAtim9Y0g=="
  "resolved" "https://registry.npmjs.org/object-inspect/-/object-inspect-1.12.0.tgz"
  "version" "1.12.0"

"object-is@^1.1.4":
  "integrity" "sha512-3cyDsyHgtmi7I7DfSSI2LDp6SK2lwvtbg0p0R1e0RvTqF5ceGx+K2dfSjm1bKDMVCFEDAQvy+o8c6a7VujOddw=="
  "resolved" "https://registry.npmjs.org/object-is/-/object-is-1.1.5.tgz"
  "version" "1.1.5"
  dependencies:
    "call-bind" "^1.0.2"
    "define-properties" "^1.1.3"

"object-keys@^1.0.12", "object-keys@^1.1.1":
  "integrity" "sha512-NuAESUOUMrlIXOfHKzD6bpPu3tYt3xvjNdRIQ+FeT0lNb4K8WR70CaDxhuNguS2XG+GjkyMwOzsN5ZktImfhLA=="
  "resolved" "https://registry.npmjs.org/object-keys/-/object-keys-1.1.1.tgz"
  "version" "1.1.1"

"object.assign@^4.1.2":
  "integrity" "sha512-ixT2L5THXsApyiUPYKmW+2EHpXXe5Ii3M+f4e+aJFAHao5amFRW6J0OO6c/LU8Be47utCx2GL89hxGB6XSmKuQ=="
  "resolved" "https://registry.npmjs.org/object.assign/-/object.assign-4.1.2.tgz"
  "version" "4.1.2"
  dependencies:
    "call-bind" "^1.0.0"
    "define-properties" "^1.1.3"
    "has-symbols" "^1.0.1"
    "object-keys" "^1.1.1"

"prettier@^2.5.1":
  "integrity" "sha512-vBZcPRUR5MZJwoyi3ZoyQlc1rXeEck8KgeC9AwwOn+exuxLxq5toTRDTSaVrXHxelDMHy9zlicw8u66yxoSUFg=="
  "resolved" "https://registry.npmjs.org/prettier/-/prettier-2.5.1.tgz"
  "version" "2.5.1"

"punycode@^2.1.0":
  "integrity" "sha512-XRsRjdf+j5ml+y/6GKHPZbrF/8p2Yga0JPtdqTIY2Xe5ohJPD9saDJJLPvp9+NSBprVvevdXZybnj2cv8OEd0A=="
  "resolved" "https://registry.npmjs.org/punycode/-/punycode-2.1.1.tgz"
  "version" "2.1.1"

"regexp.prototype.flags@^1.3.0":
  "integrity" "sha512-pMR7hBVUUGI7PMA37m2ofIdQCsomVnas+Jn5UPGAHQ+/LlwKm/aTLJHdasmHRzlfeZwHiAOaRSo2rbBDm3nNUQ=="
  "resolved" "https://registry.npmjs.org/regexp.prototype.flags/-/regexp.prototype.flags-1.4.1.tgz"
  "version" "1.4.1"
  dependencies:
    "call-bind" "^1.0.2"
    "define-properties" "^1.1.3"

"require-from-string@^2.0.2":
  "integrity" "sha512-Xf0nWe6RseziFMu+Ap9biiUbmplq6S9/p+7w7YXP/JBHhrUDDUhwa+vANyubuqfZWTveU//DYVGsDG7RKL/vEw=="
  "resolved" "https://registry.npmjs.org/require-from-string/-/require-from-string-2.0.2.tgz"
  "version" "2.0.2"

"semver@^7.3.5":
  "integrity" "sha512-PoeGJYh8HK4BTO/a9Tf6ZG3veo/A7ZVsYrSA6J8ny9nb3B1VrpkuN+z9OE5wfE5p6H4LchYZsegiQgbJD94ZFQ=="
  "resolved" "https://registry.npmjs.org/semver/-/semver-7.3.5.tgz"
  "version" "7.3.5"
  dependencies:
    "lru-cache" "^6.0.0"

"side-channel@^1.0.3", "side-channel@^1.0.4":
  "integrity" "sha512-q5XPytqFEIKHkGdiMIrY10mvLRvnQh42/+GoBlFW3b2LXLE2xxJpZFdm94we0BaoV3RwJyGqg5wS7epxTv0Zvw=="
  "resolved" "https://registry.npmjs.org/side-channel/-/side-channel-1.0.4.tgz"
  "version" "1.0.4"
  dependencies:
    "call-bind" "^1.0.0"
    "get-intrinsic" "^1.0.2"
    "object-inspect" "^1.9.0"

"string.prototype.trimend@^1.0.4":
  "integrity" "sha512-y9xCjw1P23Awk8EvTpcyL2NIr1j7wJ39f+k6lvRnSMz+mz9CGz9NYPelDk42kOz6+ql8xjfK8oYzy3jAP5QU5A=="
  "resolved" "https://registry.npmjs.org/string.prototype.trimend/-/string.prototype.trimend-1.0.4.tgz"
  "version" "1.0.4"
  dependencies:
    "call-bind" "^1.0.2"
    "define-properties" "^1.1.3"

"string.prototype.trimstart@^1.0.4":
  "integrity" "sha512-jh6e984OBfvxS50tdY2nRZnoC5/mLFKOREQfw8t5yytkoUsJRNxvI/E39qu1sD0OtWI3OC0XgKSmcWwziwYuZw=="
  "resolved" "https://registry.npmjs.org/string.prototype.trimstart/-/string.prototype.trimstart-1.0.4.tgz"
  "version" "1.0.4"
  dependencies:
    "call-bind" "^1.0.2"
    "define-properties" "^1.1.3"

"unbox-primitive@^1.0.1":
  "integrity" "sha512-tZU/3NqK3dA5gpE1KtyiJUrEB0lxnGkMFHptJ7q6ewdZ8s12QrODwNbhIJStmJkd1QDXa1NRA8aF2A1zk/Ypyw=="
  "resolved" "https://registry.npmjs.org/unbox-primitive/-/unbox-primitive-1.0.1.tgz"
  "version" "1.0.1"
  dependencies:
    "function-bind" "^1.1.1"
    "has-bigints" "^1.0.1"
    "has-symbols" "^1.0.2"
    "which-boxed-primitive" "^1.0.2"

"uri-js@^4.2.2":
  "integrity" "sha512-7rKUyy33Q1yc98pQ1DAmLtwX109F7TIfWlW1Ydo8Wl1ii1SeHieeh0HHfPeL2fMXK6z0s8ecKs9frCuLJvndBg=="
  "resolved" "https://registry.npmjs.org/uri-js/-/uri-js-4.4.1.tgz"
  "version" "4.4.1"
  dependencies:
    "punycode" "^2.1.0"

"which-boxed-primitive@^1.0.1", "which-boxed-primitive@^1.0.2":
  "integrity" "sha512-bwZdv0AKLpplFY2KZRX6TvyuN7ojjr7lwkg6ml0roIy9YeuSr7JS372qlNW18UQYzgYK9ziGcerWqZOmEn9VNg=="
  "resolved" "https://registry.npmjs.org/which-boxed-primitive/-/which-boxed-primitive-1.0.2.tgz"
  "version" "1.0.2"
  dependencies:
    "is-bigint" "^1.0.1"
    "is-boolean-object" "^1.1.0"
    "is-number-object" "^1.0.4"
    "is-string" "^1.0.5"
    "is-symbol" "^1.0.3"

"which-collection@^1.0.1":
  "integrity" "sha512-W8xeTUwaln8i3K/cY1nGXzdnVZlidBcagyNFtBdD5kxnb4TvGKR7FfSIS3mYpwWS1QUCutfKz8IY8RjftB0+1A=="
  "resolved" "https://registry.npmjs.org/which-collection/-/which-collection-1.0.1.tgz"
  "version" "1.0.1"
  dependencies:
    "is-map" "^2.0.1"
    "is-set" "^2.0.1"
    "is-weakmap" "^2.0.1"
    "is-weakset" "^2.0.1"

"which-typed-array@^1.1.2":
  "integrity" "sha512-vjxaB4nfDqwKI0ws7wZpxIlde1XrLX5uB0ZjpfshgmapJMD7jJWhZI+yToJTqaFByF0eNBcYxbjmCzoRP7CfEw=="
  "resolved" "https://registry.npmjs.org/which-typed-array/-/which-typed-array-1.1.7.tgz"
  "version" "1.1.7"
  dependencies:
    "available-typed-arrays" "^1.0.5"
    "call-bind" "^1.0.2"
    "es-abstract" "^1.18.5"
    "foreach" "^2.0.5"
    "has-tostringtag" "^1.0.0"
    "is-typed-array" "^1.1.7"

"yallist@^4.0.0":
  "integrity" "sha512-3wdGidZyq5PB084XLES5TpOSRA3wjXAlIWMhum2kRcv/41Sn2emQ0dycQW4uZXLejwKvg6EsvbdlVL+FYEct7A=="
  "resolved" "https://registry.npmjs.org/yallist/-/yallist-4.0.0.tgz"
  "version" "4.0.0"
